
Microsoft Visual Studio Solution File, Format Version 12.00
# Visual Studio Version 17
VisualStudioVersion = 17.5.33530.505
MinimumVisualStudioVersion = 10.0.40219.1
Project("{FAE04EC0-301F-11D3-BF4B-00C04F79EFBC}") = "sprendimas", "sprendimas.csproj", "{C3430A9C-BD4D-4E90-A8CE-B3B816F1396E}"
EndProject
Global
	GlobalSection(SolutionConfigurationPlatforms) = preSolution
		Debug|Any CPU = Debug|Any CPU
		Release|Any CPU = Release|Any CPU
	EndGlobalSection
	GlobalSection(ProjectConfigurationPlatforms) = postSolution
		{C3430A9C-BD4D-4E90-A8CE-B3B816F1396E}.Debug|Any CPU.ActiveCfg = Debug|Any CPU
		{C3430A9C-BD4D-4E90-A8CE-B3B816F1396E}.Debug|Any CPU.Build.0 = Debug|Any CPU
		{C3430A9C-BD4D-4E90-A8CE-B3B816F1396E}.Release|Any CPU.ActiveCfg = Release|Any CPU
		{C3430A9C-BD4D-4E90-A8CE-B3B816F1396E}.Release|Any CPU.Build.0 = Release|Any CPU
	EndGlobalSection
	GlobalSection(SolutionProperties) = preSolution
		HideSolutionNode = FALSE
	EndGlobalSection
	GlobalSection(ExtensibilityGlobals) = postSolution
		SolutionGuid = {99532647-1CB5-4221-B487-8D82819C7EFF}
	EndGlobalSection
EndGlobal
